PODS:
  - Alamofire (5.3.0)
  - SQLite.swift (0.12.2):
    - SQLite.swift/standard (= 0.12.2)
  - SQLite.swift/standard (0.12.2)
  - URLImage (0.9.19)

DEPENDENCIES:
  - Alamofire (~> 5.2)
  - SQLite.swift (~> 0.12.0)
  - URLImage

SPEC REPOS:
  https://github.com/cocoapods/specs.git:
    - Alamofire
    - SQLite.swift
    - URLImage

SPEC CHECKSUMS:
  Alamofire: 2c792affbdc2f18016e08fdbcacd60aebe1ba593
  SQLite.swift: d2b4642190917051ce6bd1d49aab565fe794eea3
  URLImage: 107320dff147321cceb201af24e8a154f24e6aed

PODFILE CHECKSUM: 167410fec36499d1204a32cd43235f8f84135320

COCOAPODS: 1.6.0
